
Microsoft Visual Studio Solution File, Format Version 12.00
# Visual Studio Version 16
VisualStudioVersion = 16.0.30503.244
MinimumVisualStudioVersion = 10.0.40219.1
Project("{FAE04EC0-301F-11D3-BF4B-00C04F79EFBC}") = "Week_02", "Week_02\Week_02.csproj", "{CA4180F6-762B-4BE5-972D-4677CE49655D}"
EndProject
Global
	GlobalSection(SolutionConfigurationPlatforms) = preSolution
		Debug|Any CPU = Debug|Any CPU
		Release|Any CPU = Release|Any CPU
	EndGlobalSection
	GlobalSection(ProjectConfigurationPlatforms) = postSolution
		{CA4180F6-762B-4BE5-972D-4677CE49655D}.Debug|Any CPU.ActiveCfg = Debug|Any CPU
		{CA4180F6-762B-4BE5-972D-4677CE49655D}.Debug|Any CPU.Build.0 = Debug|Any CPU
		{CA4180F6-762B-4BE5-972D-4677CE49655D}.Release|Any CPU.ActiveCfg = Release|Any CPU
		{CA4180F6-762B-4BE5-972D-4677CE49655D}.Release|Any CPU.Build.0 = Release|Any CPU
	EndGlobalSection
	GlobalSection(SolutionProperties) = preSolution
		HideSolutionNode = FALSE
	EndGlobalSection
	GlobalSection(ExtensibilityGlobals) = postSolution
		SolutionGuid = {40F26B74-711F-4B39-8DC9-589DE486D553}
	EndGlobalSection
EndGlobal
