
Microsoft Visual Studio Solution File, Format Version 12.00
# Visual Studio Version 16
VisualStudioVersion = 16.0.30503.244
MinimumVisualStudioVersion = 10.0.40219.1
Project("{FAE04EC0-301F-11D3-BF4B-00C04F79EFBC}") = "week_03_lab", "week_03_lab.csproj", "{F531C923-B223-40ED-8C39-2A9DA18D5AFF}"
EndProject
Global
	GlobalSection(SolutionConfigurationPlatforms) = preSolution
		Debug|Any CPU = Debug|Any CPU
		Release|Any CPU = Release|Any CPU
	EndGlobalSection
	GlobalSection(ProjectConfigurationPlatforms) = postSolution
		{F531C923-B223-40ED-8C39-2A9DA18D5AFF}.Debug|Any CPU.ActiveCfg = Debug|Any CPU
		{F531C923-B223-40ED-8C39-2A9DA18D5AFF}.Debug|Any CPU.Build.0 = Debug|Any CPU
		{F531C923-B223-40ED-8C39-2A9DA18D5AFF}.Release|Any CPU.ActiveCfg = Release|Any CPU
		{F531C923-B223-40ED-8C39-2A9DA18D5AFF}.Release|Any CPU.Build.0 = Release|Any CPU
	EndGlobalSection
	GlobalSection(SolutionProperties) = preSolution
		HideSolutionNode = FALSE
	EndGlobalSection
	GlobalSection(ExtensibilityGlobals) = postSolution
		SolutionGuid = {2BD13DAE-DF18-49D6-9E22-F546643054DB}
	EndGlobalSection
EndGlobal
