
Microsoft Visual Studio Solution File, Format Version 12.00
# Visual Studio Version 16
VisualStudioVersion = 16.0.30804.86
MinimumVisualStudioVersion = 10.0.40219.1
Project("{FAE04EC0-301F-11D3-BF4B-00C04F79EFBC}") = "week_06", "week_06\week_06.csproj", "{D18EA4C5-997C-4B6C-A79A-3A9F0C564F7E}"
EndProject
Global
	GlobalSection(SolutionConfigurationPlatforms) = preSolution
		Debug|Any CPU = Debug|Any CPU
		Release|Any CPU = Release|Any CPU
	EndGlobalSection
	GlobalSection(ProjectConfigurationPlatforms) = postSolution
		{D18EA4C5-997C-4B6C-A79A-3A9F0C564F7E}.Debug|Any CPU.ActiveCfg = Debug|Any CPU
		{D18EA4C5-997C-4B6C-A79A-3A9F0C564F7E}.Debug|Any CPU.Build.0 = Debug|Any CPU
		{D18EA4C5-997C-4B6C-A79A-3A9F0C564F7E}.Release|Any CPU.ActiveCfg = Release|Any CPU
		{D18EA4C5-997C-4B6C-A79A-3A9F0C564F7E}.Release|Any CPU.Build.0 = Release|Any CPU
	EndGlobalSection
	GlobalSection(SolutionProperties) = preSolution
		HideSolutionNode = FALSE
	EndGlobalSection
	GlobalSection(ExtensibilityGlobals) = postSolution
		SolutionGuid = {D7CD8940-73E5-4B6A-9AB8-F417DE88FB40}
	EndGlobalSection
EndGlobal
